
Microsoft Visual Studio Solution File, Format Version 12.00
# Visual Studio Version 17
VisualStudioVersion = 17.0.31903.59
MinimumVisualStudioVersion = 10.0.40219.1
Project("{2150E333-8FDC-42A3-9474-1A3956D46DE8}") = "src", "src", "{8F2202B9-C1C7-4A68-9C80-D001A3D58FD9}"
EndProject
Project("{FAE04EC0-301F-11D3-BF4B-00C04F79EFBC}") = "AuctionService", "src\AuctionService\AuctionService.csproj", "{382E716F-0838-44F5-8AD2-29F4577717A9}"
EndProject
Project("{FAE04EC0-301F-11D3-BF4B-00C04F79EFBC}") = "SearchService", "src\SearchService\SearchService.csproj", "{1F915B02-5668-4797-AC13-5AA6DB3A778C}"
EndProject
Project("{FAE04EC0-301F-11D3-BF4B-00C04F79EFBC}") = "Contracts", "src\Contracts\Contracts.csproj", "{B9586C3B-E24D-4D81-8000-20E9DA6C1F60}"
EndProject
Project("{FAE04EC0-301F-11D3-BF4B-00C04F79EFBC}") = "IdentityService", "src\IdentityService\IdentityService.csproj", "{9E0763FA-B139-4181-ADEE-7BD4DE39ACA6}"
EndProject
Project("{FAE04EC0-301F-11D3-BF4B-00C04F79EFBC}") = "GatewayService", "src\GatewayService\GatewayService.csproj", "{DDCB163F-70A9-40E6-89E1-ED1D41FAC54D}"
EndProject
Project("{2150E333-8FDC-42A3-9474-1A3956D46DE8}") = "tests", "tests", "{4CBA8D14-E456-48AF-A331-79E502A37058}"
EndProject
Project("{FAE04EC0-301F-11D3-BF4B-00C04F79EFBC}") = "AuctionService.UnitTests", "tests\AuctionService.UnitTests\AuctionService.UnitTests.csproj", "{51F492B0-3D47-4624-9D49-1D7D966626E3}"
EndProject
Project("{FAE04EC0-301F-11D3-BF4B-00C04F79EFBC}") = "AuctionService.IntegrationTests", "tests\AuctionService.IntegrationTests\AuctionService.IntegrationTests.csproj", "{833179F2-7092-4139-A4CD-508DFD5DFDC6}"
EndProject
Project("{FAE04EC0-301F-11D3-BF4B-00C04F79EFBC}") = "BiddingService", "src\BiddingService\BiddingService.csproj", "{FDC199E9-FA03-4599-9035-9FA18409A977}"
EndProject
Project("{FAE04EC0-301F-11D3-BF4B-00C04F79EFBC}") = "NotificationService", "src\NotificationService\NotificationService.csproj", "{391AE175-FF4F-4002-A609-2969732BA8A5}"
EndProject
Global
	GlobalSection(SolutionConfigurationPlatforms) = preSolution
		Debug|Any CPU = Debug|Any CPU
		Release|Any CPU = Release|Any CPU
	EndGlobalSection
	GlobalSection(SolutionProperties) = preSolution
		HideSolutionNode = FALSE
	EndGlobalSection
	GlobalSection(ProjectConfigurationPlatforms) = postSolution
		{382E716F-0838-44F5-8AD2-29F4577717A9}.Debug|Any CPU.ActiveCfg = Debug|Any CPU
		{382E716F-0838-44F5-8AD2-29F4577717A9}.Debug|Any CPU.Build.0 = Debug|Any CPU
		{382E716F-0838-44F5-8AD2-29F4577717A9}.Release|Any CPU.ActiveCfg = Release|Any CPU
		{382E716F-0838-44F5-8AD2-29F4577717A9}.Release|Any CPU.Build.0 = Release|Any CPU
		{1F915B02-5668-4797-AC13-5AA6DB3A778C}.Debug|Any CPU.ActiveCfg = Debug|Any CPU
		{1F915B02-5668-4797-AC13-5AA6DB3A778C}.Debug|Any CPU.Build.0 = Debug|Any CPU
		{1F915B02-5668-4797-AC13-5AA6DB3A778C}.Release|Any CPU.ActiveCfg = Release|Any CPU
		{1F915B02-5668-4797-AC13-5AA6DB3A778C}.Release|Any CPU.Build.0 = Release|Any CPU
		{B9586C3B-E24D-4D81-8000-20E9DA6C1F60}.Debug|Any CPU.ActiveCfg = Debug|Any CPU
		{B9586C3B-E24D-4D81-8000-20E9DA6C1F60}.Debug|Any CPU.Build.0 = Debug|Any CPU
		{B9586C3B-E24D-4D81-8000-20E9DA6C1F60}.Release|Any CPU.ActiveCfg = Release|Any CPU
		{B9586C3B-E24D-4D81-8000-20E9DA6C1F60}.Release|Any CPU.Build.0 = Release|Any CPU
		{9E0763FA-B139-4181-ADEE-7BD4DE39ACA6}.Debug|Any CPU.ActiveCfg = Debug|Any CPU
		{9E0763FA-B139-4181-ADEE-7BD4DE39ACA6}.Debug|Any CPU.Build.0 = Debug|Any CPU
		{9E0763FA-B139-4181-ADEE-7BD4DE39ACA6}.Release|Any CPU.ActiveCfg = Release|Any CPU
		{9E0763FA-B139-4181-ADEE-7BD4DE39ACA6}.Release|Any CPU.Build.0 = Release|Any CPU
		{DDCB163F-70A9-40E6-89E1-ED1D41FAC54D}.Debug|Any CPU.ActiveCfg = Debug|Any CPU
		{DDCB163F-70A9-40E6-89E1-ED1D41FAC54D}.Debug|Any CPU.Build.0 = Debug|Any CPU
		{DDCB163F-70A9-40E6-89E1-ED1D41FAC54D}.Release|Any CPU.ActiveCfg = Release|Any CPU
		{DDCB163F-70A9-40E6-89E1-ED1D41FAC54D}.Release|Any CPU.Build.0 = Release|Any CPU
		{51F492B0-3D47-4624-9D49-1D7D966626E3}.Debug|Any CPU.ActiveCfg = Debug|Any CPU
		{51F492B0-3D47-4624-9D49-1D7D966626E3}.Debug|Any CPU.Build.0 = Debug|Any CPU
		{51F492B0-3D47-4624-9D49-1D7D966626E3}.Release|Any CPU.ActiveCfg = Release|Any CPU
		{51F492B0-3D47-4624-9D49-1D7D966626E3}.Release|Any CPU.Build.0 = Release|Any CPU
		{833179F2-7092-4139-A4CD-508DFD5DFDC6}.Debug|Any CPU.ActiveCfg = Debug|Any CPU
		{833179F2-7092-4139-A4CD-508DFD5DFDC6}.Debug|Any CPU.Build.0 = Debug|Any CPU
		{833179F2-7092-4139-A4CD-508DFD5DFDC6}.Release|Any CPU.ActiveCfg = Release|Any CPU
		{833179F2-7092-4139-A4CD-508DFD5DFDC6}.Release|Any CPU.Build.0 = Release|Any CPU
		{FDC199E9-FA03-4599-9035-9FA18409A977}.Debug|Any CPU.ActiveCfg = Debug|Any CPU
		{FDC199E9-FA03-4599-9035-9FA18409A977}.Debug|Any CPU.Build.0 = Debug|Any CPU
		{FDC199E9-FA03-4599-9035-9FA18409A977}.Release|Any CPU.ActiveCfg = Release|Any CPU
		{FDC199E9-FA03-4599-9035-9FA18409A977}.Release|Any CPU.Build.0 = Release|Any CPU
		{391AE175-FF4F-4002-A609-2969732BA8A5}.Debug|Any CPU.ActiveCfg = Debug|Any CPU
		{391AE175-FF4F-4002-A609-2969732BA8A5}.Debug|Any CPU.Build.0 = Debug|Any CPU
		{391AE175-FF4F-4002-A609-2969732BA8A5}.Release|Any CPU.ActiveCfg = Release|Any CPU
		{391AE175-FF4F-4002-A609-2969732BA8A5}.Release|Any CPU.Build.0 = Release|Any CPU
	EndGlobalSection
	GlobalSection(NestedProjects) = preSolution
		{382E716F-0838-44F5-8AD2-29F4577717A9} = {8F2202B9-C1C7-4A68-9C80-D001A3D58FD9}
		{1F915B02-5668-4797-AC13-5AA6DB3A778C} = {8F2202B9-C1C7-4A68-9C80-D001A3D58FD9}
		{B9586C3B-E24D-4D81-8000-20E9DA6C1F60} = {8F2202B9-C1C7-4A68-9C80-D001A3D58FD9}
		{9E0763FA-B139-4181-ADEE-7BD4DE39ACA6} = {8F2202B9-C1C7-4A68-9C80-D001A3D58FD9}
		{DDCB163F-70A9-40E6-89E1-ED1D41FAC54D} = {8F2202B9-C1C7-4A68-9C80-D001A3D58FD9}
		{51F492B0-3D47-4624-9D49-1D7D966626E3} = {4CBA8D14-E456-48AF-A331-79E502A37058}
		{833179F2-7092-4139-A4CD-508DFD5DFDC6} = {4CBA8D14-E456-48AF-A331-79E502A37058}
		{FDC199E9-FA03-4599-9035-9FA18409A977} = {8F2202B9-C1C7-4A68-9C80-D001A3D58FD9}
		{391AE175-FF4F-4002-A609-2969732BA8A5} = {8F2202B9-C1C7-4A68-9C80-D001A3D58FD9}
	EndGlobalSection
EndGlobal
